{
  "name": "local-setup",
  "version": "0.0.1",
  "lockfileVersion": 1,
  "requires": true,
  "dependencies": {
    "@microsoft/microsoft-graph-types": {
      "version": "2.10.0",
      "resolved": "https://registry.npmjs.org/@microsoft/microsoft-graph-types/-/microsoft-graph-types-2.10.0.tgz",
      "integrity": "sha512-Eqmik1bTG0K9PxbyB/Y6rX82Yu98JjITpjyiVknwurrzHzGtKLUwdOG/cd8G8NWMxAV9LfpQkV2LkytQPyHuuw=="
    }
  }
}
